
Microsoft Visual Studio Solution File, Format Version 12.00
# Visual Studio 15
VisualStudioVersion = 15.0.26228.13
MinimumVisualStudioVersion = 10.0.40219.1
Project("{FAE04EC0-301F-11D3-BF4B-00C04F79EFBC}") = "EdSioux", "EdSioux\EdSioux.csproj", "{5EBB1565-974E-47E2-AC62-9BA7A973D760}"
EndProject
Project("{FAE04EC0-301F-11D3-BF4B-00C04F79EFBC}") = "EdSioux.Testing", "EdSioux.Testing\EdSioux.Testing.csproj", "{EAC232A4-8BBD-4A8C-8AA8-4D0C68186D1D}"
EndProject
Global
	GlobalSection(SolutionConfigurationPlatforms) = preSolution
		Debug|Any CPU = Debug|Any CPU
		Release|Any CPU = Release|Any CPU
	EndGlobalSection
	GlobalSection(ProjectConfigurationPlatforms) = postSolution
		{5EBB1565-974E-47E2-AC62-9BA7A973D760}.Debug|Any CPU.ActiveCfg = Debug|Any CPU
		{5EBB1565-974E-47E2-AC62-9BA7A973D760}.Debug|Any CPU.Build.0 = Debug|Any CPU
		{5EBB1565-974E-47E2-AC62-9BA7A973D760}.Release|Any CPU.ActiveCfg = Release|Any CPU
		{5EBB1565-974E-47E2-AC62-9BA7A973D760}.Release|Any CPU.Build.0 = Release|Any CPU
		{EAC232A4-8BBD-4A8C-8AA8-4D0C68186D1D}.Debug|Any CPU.ActiveCfg = Debug|Any CPU
		{EAC232A4-8BBD-4A8C-8AA8-4D0C68186D1D}.Debug|Any CPU.Build.0 = Debug|Any CPU
		{EAC232A4-8BBD-4A8C-8AA8-4D0C68186D1D}.Release|Any CPU.ActiveCfg = Release|Any CPU
		{EAC232A4-8BBD-4A8C-8AA8-4D0C68186D1D}.Release|Any CPU.Build.0 = Release|Any CPU
	EndGlobalSection
	GlobalSection(SolutionProperties) = preSolution
		HideSolutionNode = FALSE
	EndGlobalSection
EndGlobal
